
Microsoft Visual Studio Solution File, Format Version 12.00
# Visual Studio Version 16
VisualStudioVersion = 16.0.30204.135
MinimumVisualStudioVersion = 10.0.40219.1
Project("{FAE04EC0-301F-11D3-BF4B-00C04F79EFBC}") = "BlueDispatcher", "BlueDispatcher\BlueDispatcher.csproj", "{D3E0F20F-6302-47C0-A20B-8F1A1A8811CC}"
EndProject
Global
	GlobalSection(SolutionConfigurationPlatforms) = preSolution
		Debug|Any CPU = Debug|Any CPU
		Debug|x64 = Debug|x64
		Release|Any CPU = Release|Any CPU
		Release|x64 = Release|x64
	EndGlobalSection
	GlobalSection(ProjectConfigurationPlatforms) = postSolution
		{D3E0F20F-6302-47C0-A20B-8F1A1A8811CC}.Debug|Any CPU.ActiveCfg = Debug|Any CPU
		{D3E0F20F-6302-47C0-A20B-8F1A1A8811CC}.Debug|Any CPU.Build.0 = Debug|Any CPU
		{D3E0F20F-6302-47C0-A20B-8F1A1A8811CC}.Debug|x64.ActiveCfg = Debug|x64
		{D3E0F20F-6302-47C0-A20B-8F1A1A8811CC}.Debug|x64.Build.0 = Debug|x64
		{D3E0F20F-6302-47C0-A20B-8F1A1A8811CC}.Release|Any CPU.ActiveCfg = Release|Any CPU
		{D3E0F20F-6302-47C0-A20B-8F1A1A8811CC}.Release|Any CPU.Build.0 = Release|Any CPU
		{D3E0F20F-6302-47C0-A20B-8F1A1A8811CC}.Release|x64.ActiveCfg = Release|x64
		{D3E0F20F-6302-47C0-A20B-8F1A1A8811CC}.Release|x64.Build.0 = Release|x64
	EndGlobalSection
	GlobalSection(SolutionProperties) = preSolution
		HideSolutionNode = FALSE
	EndGlobalSection
	GlobalSection(ExtensibilityGlobals) = postSolution
		SolutionGuid = {93DB4F24-0208-47FD-BF92-93609045D3C3}
	EndGlobalSection
EndGlobal
